
Microsoft Visual Studio Solution File, Format Version 12.00
# Visual Studio Version 17
VisualStudioVersion = 17.2.32602.215
MinimumVisualStudioVersion = 10.0.40219.1
Project("{FAE04EC0-301F-11D3-BF4B-00C04F79EFBC}") = "CommonExtensions", "CommonExtensions\CommonExtensions.csproj", "{7CE9B51E-E2A4-4A9B-8302-EAF8F85D0229}"
EndProject
Global
	GlobalSection(SolutionConfigurationPlatforms) = preSolution
		Debug|Any CPU = Debug|Any CPU
		Release|Any CPU = Release|Any CPU
	EndGlobalSection
	GlobalSection(ProjectConfigurationPlatforms) = postSolution
		{7CE9B51E-E2A4-4A9B-8302-EAF8F85D0229}.Debug|Any CPU.ActiveCfg = Debug|Any CPU
		{7CE9B51E-E2A4-4A9B-8302-EAF8F85D0229}.Debug|Any CPU.Build.0 = Debug|Any CPU
		{7CE9B51E-E2A4-4A9B-8302-EAF8F85D0229}.Release|Any CPU.ActiveCfg = Release|Any CPU
		{7CE9B51E-E2A4-4A9B-8302-EAF8F85D0229}.Release|Any CPU.Build.0 = Release|Any CPU
	EndGlobalSection
	GlobalSection(SolutionProperties) = preSolution
		HideSolutionNode = FALSE
	EndGlobalSection
	GlobalSection(ExtensibilityGlobals) = postSolution
		SolutionGuid = {21C03BA1-6DB7-489F-8CDC-4110127CC6D6}
	EndGlobalSection
EndGlobal
